
Microsoft Visual Studio Solution File, Format Version 12.00
# Visual Studio Version 16
VisualStudioVersion = 16.0.29025.244
MinimumVisualStudioVersion = 10.0.40219.1
Project("{9A19103F-16F7-4668-BE54-9A1E7A4F7556}") = "GoogleSearch", "GoogleSearch.csproj", "{529D17E3-268C-48C1-9A10-83006EC0D9E8}"
EndProject
Project("{FAE04EC0-301F-11D3-BF4B-00C04F79EFBC}") = "GoogleSearchTest", "..\GoogleSearchTest\GoogleSearchTest.csproj", "{1399F171-50AA-45CC-A857-458ACB591B87}"
EndProject
Global
	GlobalSection(SolutionConfigurationPlatforms) = preSolution
		Debug|Any CPU = Debug|Any CPU
		Release|Any CPU = Release|Any CPU
	EndGlobalSection
	GlobalSection(ProjectConfigurationPlatforms) = postSolution
		{529D17E3-268C-48C1-9A10-83006EC0D9E8}.Debug|Any CPU.ActiveCfg = Debug|Any CPU
		{529D17E3-268C-48C1-9A10-83006EC0D9E8}.Debug|Any CPU.Build.0 = Debug|Any CPU
		{529D17E3-268C-48C1-9A10-83006EC0D9E8}.Release|Any CPU.ActiveCfg = Release|Any CPU
		{529D17E3-268C-48C1-9A10-83006EC0D9E8}.Release|Any CPU.Build.0 = Release|Any CPU
		{1399F171-50AA-45CC-A857-458ACB591B87}.Debug|Any CPU.ActiveCfg = Debug|Any CPU
		{1399F171-50AA-45CC-A857-458ACB591B87}.Debug|Any CPU.Build.0 = Debug|Any CPU
		{1399F171-50AA-45CC-A857-458ACB591B87}.Release|Any CPU.ActiveCfg = Release|Any CPU
		{1399F171-50AA-45CC-A857-458ACB591B87}.Release|Any CPU.Build.0 = Release|Any CPU
	EndGlobalSection
	GlobalSection(SolutionProperties) = preSolution
		HideSolutionNode = FALSE
	EndGlobalSection
	GlobalSection(ExtensibilityGlobals) = postSolution
		SolutionGuid = {CDA21890-6B92-4B54-80B1-DB585A5A722B}
	EndGlobalSection
EndGlobal
